// !$*UTF8*$!
{
	archiveVersion = 1;
	classes = {
	};
	objectVersion = 56;
	objects = {

/* Begin PBXBuildFile section */
		0E45029929B7DAF0005F15DE /* ColorPickerApp.swift in Sources */ = {isa = PBXBuildFile; fileRef = 0E45029829B7DAF0005F15DE /* ColorPickerApp.swift */; };
		0E45029D29B7DAF1005F15DE /* Assets.xcassets in Resources */ = {isa = PBXBuildFile; fileRef = 0E45029C29B7DAF1005F15DE /* Assets.xcassets */; };
		0E4502A029B7DAF1005F15DE /* Preview Assets.xcassets in Resources */ = {isa = PBXBuildFile; fileRef = 0E45029F29B7DAF1005F15DE /* Preview Assets.xcassets */; };
		0E4502A229B7DAF1005F15DE /* Persistence.swift in Sources */ = {isa = PBXBuildFile; fileRef = 0E4502A129B7DAF1005F15DE /* Persistence.swift */; };
		0E4502A529B7DAF1005F15DE /* ColorPicker.xcdatamodeld in Sources */ = {isa = PBXBuildFile; fileRef = 0E4502A329B7DAF1005F15DE /* ColorPicker.xcdatamodeld */; };
		0E4502B029B7DAF1005F15DE /* ColorPickerTests.swift in Sources */ = {isa = PBXBuildFile; fileRef = 0E4502AF29B7DAF1005F15DE /* ColorPickerTests.swift */; };
		0E4502BA29B7DAF1005F15DE /* ColorPickerUITests.swift in Sources */ = {isa = PBXBuildFile; fileRef = 0E4502B929B7DAF1005F15DE /* ColorPickerUITests.swift */; };
		0E4502BC29B7DAF1005F15DE /* ColorPickerUITestsLaunchTests.swift in Sources */ = {isa = PBXBuildFile; fileRef = 0E4502BB29B7DAF1005F15DE /* ColorPickerUITestsLaunchTests.swift */; };
		0E46EA7A29BD8E4C00F0A293 /* MenuBarContentView.swift in Sources */ = {isa = PBXBuildFile; fileRef = 0E46EA7929BD8E4C00F0A293 /* MenuBarContentView.swift */; };
		0E46EA7C29BD8F5100F0A293 /* Constants.swift in Sources */ = {isa = PBXBuildFile; fileRef = 0E46EA7B29BD8F5100F0A293 /* Constants.swift */; };
		0E46EA8629BE4D6700F0A293 /* CDColor.swift in Sources */ = {isa = PBXBuildFile; fileRef = 0E46EA8529BE4D6700F0A293 /* CDColor.swift */; };
		0E46EA8D29BE761100F0A293 /* NSColor+Extension.swift in Sources */ = {isa = PBXBuildFile; fileRef = 0E46EA8C29BE761100F0A293 /* NSColor+Extension.swift */; };
/* End PBXBuildFile section */

/* Begin PBXContainerItemProxy section */
		0E4502AC29B7DAF1005F15DE /* PBXContainerItemProxy */ = {
			isa = PBXContainerItemProxy;
			containerPortal = 0E45028D29B7DAF0005F15DE /* Project object */;
			proxyType = 1;
			remoteGlobalIDString = 0E45029429B7DAF0005F15DE;
			remoteInfo = ColorPicker;
		};
		0E4502B629B7DAF1005F15DE /* PBXContainerItemProxy */ = {
			isa = PBXContainerItemProxy;
			containerPortal = 0E45028D29B7DAF0005F15DE /* Project object */;
			proxyType = 1;
			remoteGlobalIDString = 0E45029429B7DAF0005F15DE;
			remoteInfo = ColorPicker;
		};
/* End PBXContainerItemProxy section */

/* Begin PBXFileReference section */
		0E45029529B7DAF0005F15DE /* ColorPicker.app */ = {isa = PBXFileReference; explicitFileType = wrapper.application; includeInIndex = 0; path = ColorPicker.app; sourceTree = BUILT_PRODUCTS_DIR; };
		0E45029829B7DAF0005F15DE /* ColorPickerApp.swift */ = {isa = PBXFileReference; lastKnownFileType = sourcecode.swift; path = ColorPickerApp.swift; sourceTree = "<group>"; };
		0E45029C29B7DAF1005F15DE /* Assets.xcassets */ = {isa = PBXFileReference; lastKnownFileType = folder.assetcatalog; path = Assets.xcassets; sourceTree = "<group>"; };
		0E45029F29B7DAF1005F15DE /* Preview Assets.xcassets */ = {isa = PBXFileReference; lastKnownFileType = folder.assetcatalog; path = "Preview Assets.xcassets"; sourceTree = "<group>"; };
		0E4502A129B7DAF1005F15DE /* Persistence.swift */ = {isa = PBXFileReference; lastKnownFileType = sourcecode.swift; path = Persistence.swift; sourceTree = "<group>"; };
		0E4502A429B7DAF1005F15DE /* ColorPicker.xcdatamodel */ = {isa = PBXFileReference; lastKnownFileType = wrapper.xcdatamodel; path = ColorPicker.xcdatamodel; sourceTree = "<group>"; };
		0E4502A629B7DAF1005F15DE /* ColorPicker.entitlements */ = {isa = PBXFileReference; lastKnownFileType = text.plist.entitlements; path = ColorPicker.entitlements; sourceTree = "<group>"; };
		0E4502AB29B7DAF1005F15DE /* ColorPickerTests.xctest */ = {isa = PBXFileReference; explicitFileType = wrapper.cfbundle; includeInIndex = 0; path = ColorPickerTests.xctest; sourceTree = BUILT_PRODUCTS_DIR; };
		0E4502AF29B7DAF1005F15DE /* ColorPickerTests.swift */ = {isa = PBXFileReference; lastKnownFileType = sourcecode.swift; path = ColorPickerTests.swift; sourceTree = "<group>"; };
		0E4502B529B7DAF1005F15DE /* ColorPickerUITests.xctest */ = {isa = PBXFileReference; explicitFileType = wrapper.cfbundle; includeInIndex = 0; path = ColorPickerUITests.xctest; sourceTree = BUILT_PRODUCTS_DIR; };
		0E4502B929B7DAF1005F15DE /* ColorPickerUITests.swift */ = {isa = PBXFileReference; lastKnownFileType = sourcecode.swift; path = ColorPickerUITests.swift; sourceTree = "<group>"; };
		0E4502BB29B7DAF1005F15DE /* ColorPickerUITestsLaunchTests.swift */ = {isa = PBXFileReference; lastKnownFileType = sourcecode.swift; path = ColorPickerUITestsLaunchTests.swift; sourceTree = "<group>"; };
		0E46EA7929BD8E4C00F0A293 /* MenuBarContentView.swift */ = {isa = PBXFileReference; lastKnownFileType = sourcecode.swift; path = MenuBarContentView.swift; sourceTree = "<group>"; };
		0E46EA7B29BD8F5100F0A293 /* Constants.swift */ = {isa = PBXFileReference; lastKnownFileType = sourcecode.swift; path = Constants.swift; sourceTree = "<group>"; };
		0E46EA8529BE4D6700F0A293 /* CDColor.swift */ = {isa = PBXFileReference; lastKnownFileType = sourcecode.swift; path = CDColor.swift; sourceTree = "<group>"; };
		0E46EA8C29BE761100F0A293 /* NSColor+Extension.swift */ = {isa = PBXFileReference; lastKnownFileType = sourcecode.swift; path = "NSColor+Extension.swift"; sourceTree = "<group>"; };
/* End PBXFileReference section */

/* Begin PBXFrameworksBuildPhase section */
		0E45029229B7DAF0005F15DE /* Frameworks */ = {
			isa = PBXFrameworksBuildPhase;
			buildActionMask = 2147483647;
			files = (
			);
			runOnlyForDeploymentPostprocessing = 0;
		};
		0E4502A829B7DAF1005F15DE /* Frameworks */ = {
			isa = PBXFrameworksBuildPhase;
			buildActionMask = 2147483647;
			files = (
			);
			runOnlyForDeploymentPostprocessing = 0;
		};
		0E4502B229B7DAF1005F15DE /* Frameworks */ = {
			isa = PBXFrameworksBuildPhase;
			buildActionMask = 2147483647;
			files = (
			);
			runOnlyForDeploymentPostprocessing = 0;
		};
/* End PBXFrameworksBuildPhase section */

/* Begin PBXGroup section */
		0E45028C29B7DAF0005F15DE = {
			isa = PBXGroup;
			children = (
				0E45029729B7DAF0005F15DE /* ColorPicker */,
				0E4502AE29B7DAF1005F15DE /* ColorPickerTests */,
				0E4502B829B7DAF1005F15DE /* ColorPickerUITests */,
				0E45029629B7DAF0005F15DE /* Products */,
			);
			sourceTree = "<group>";
		};
		0E45029629B7DAF0005F15DE /* Products */ = {
			isa = PBXGroup;
			children = (
				0E45029529B7DAF0005F15DE /* ColorPicker.app */,
				0E4502AB29B7DAF1005F15DE /* ColorPickerTests.xctest */,
				0E4502B529B7DAF1005F15DE /* ColorPickerUITests.xctest */,
			);
			name = Products;
			sourceTree = "<group>";
		};
		0E45029729B7DAF0005F15DE /* ColorPicker */ = {
			isa = PBXGroup;
			children = (
				0E46EA8829BE52AD00F0A293 /* Resources */,
				0E46EA8929BE52D400F0A293 /* Views */,
				0E46EA8A29BE52DE00F0A293 /* Managers */,
				0E46EA8729BE529900F0A293 /* CoreData */,
				0E46EA8B29BE52EB00F0A293 /* Helpers */,
				0E45029E29B7DAF1005F15DE /* Preview Content */,
			);
			path = ColorPicker;
			sourceTree = "<group>";
		};
		0E45029E29B7DAF1005F15DE /* Preview Content */ = {
			isa = PBXGroup;
			children = (
				0E45029F29B7DAF1005F15DE /* Preview Assets.xcassets */,
			);
			path = "Preview Content";
			sourceTree = "<group>";
		};
		0E4502AE29B7DAF1005F15DE /* ColorPickerTests */ = {
			isa = PBXGroup;
			children = (
				0E4502AF29B7DAF1005F15DE /* ColorPickerTests.swift */,
			);
			path = ColorPickerTests;
			sourceTree = "<group>";
		};
		0E4502B829B7DAF1005F15DE /* ColorPickerUITests */ = {
			isa = PBXGroup;
			children = (
				0E4502B929B7DAF1005F15DE /* ColorPickerUITests.swift */,
				0E4502BB29B7DAF1005F15DE /* ColorPickerUITestsLaunchTests.swift */,
			);
			path = ColorPickerUITests;
			sourceTree = "<group>";
		};
		0E46EA8729BE529900F0A293 /* CoreData */ = {
			isa = PBXGroup;
			children = (
				0E4502A329B7DAF1005F15DE /* ColorPicker.xcdatamodeld */,
				0E46EA8529BE4D6700F0A293 /* CDColor.swift */,
			);
			path = CoreData;
			sourceTree = "<group>";
		};
		0E46EA8829BE52AD00F0A293 /* Resources */ = {
			isa = PBXGroup;
			children = (
				0E45029829B7DAF0005F15DE /* ColorPickerApp.swift */,
				0E45029C29B7DAF1005F15DE /* Assets.xcassets */,
				0E4502A629B7DAF1005F15DE /* ColorPicker.entitlements */,
			);
			path = Resources;
			sourceTree = "<group>";
		};
		0E46EA8929BE52D400F0A293 /* Views */ = {
			isa = PBXGroup;
			children = (
				0E46EA7929BD8E4C00F0A293 /* MenuBarContentView.swift */,
			);
			path = Views;
			sourceTree = "<group>";
		};
		0E46EA8A29BE52DE00F0A293 /* Managers */ = {
			isa = PBXGroup;
			children = (
				0E4502A129B7DAF1005F15DE /* Persistence.swift */,
			);
			path = Managers;
			sourceTree = "<group>";
		};
		0E46EA8B29BE52EB00F0A293 /* Helpers */ = {
			isa = PBXGroup;
			children = (
				0E46EA7B29BD8F5100F0A293 /* Constants.swift */,
				0E46EA8C29BE761100F0A293 /* NSColor+Extension.swift */,
			);
			path = Helpers;
			sourceTree = "<group>";
		};
/* End PBXGroup section */

/* Begin PBXNativeTarget section */
		0E45029429B7DAF0005F15DE /* ColorPicker */ = {
			isa = PBXNativeTarget;
			buildConfigurationList = 0E4502BF29B7DAF1005F15DE /* Build configuration list for PBXNativeTarget "ColorPicker" */;
			buildPhases = (
				0E45029129B7DAF0005F15DE /* Sources */,
				0E45029229B7DAF0005F15DE /* Frameworks */,
				0E45029329B7DAF0005F15DE /* Resources */,
			);
			buildRules = (
			);
			dependencies = (
			);
			name = ColorPicker;
			productName = ColorPicker;
			productReference = 0E45029529B7DAF0005F15DE /* ColorPicker.app */;
			productType = "com.apple.product-type.application";
		};
		0E4502AA29B7DAF1005F15DE /* ColorPickerTests */ = {
			isa = PBXNativeTarget;
			buildConfigurationList = 0E4502C229B7DAF1005F15DE /* Build configuration list for PBXNativeTarget "ColorPickerTests" */;
			buildPhases = (
				0E4502A729B7DAF1005F15DE /* Sources */,
				0E4502A829B7DAF1005F15DE /* Frameworks */,
				0E4502A929B7DAF1005F15DE /* Resources */,
			);
			buildRules = (
			);
			dependencies = (
				0E4502AD29B7DAF1005F15DE /* PBXTargetDependency */,
			);
			name = ColorPickerTests;
			productName = ColorPickerTests;
			productReference = 0E4502AB29B7DAF1005F15DE /* ColorPickerTests.xctest */;
			productType = "com.apple.product-type.bundle.unit-test";
		};
		0E4502B429B7DAF1005F15DE /* ColorPickerUITests */ = {
			isa = PBXNativeTarget;
			buildConfigurationList = 0E4502C529B7DAF1005F15DE /* Build configuration list for PBXNativeTarget "ColorPickerUITests" */;
			buildPhases = (
				0E4502B129B7DAF1005F15DE /* Sources */,
				0E4502B229B7DAF1005F15DE /* Frameworks */,
				0E4502B329B7DAF1005F15DE /* Resources */,
			);
			buildRules = (
			);
			dependencies = (
				0E4502B729B7DAF1005F15DE /* PBXTargetDependency */,
			);
			name = ColorPickerUITests;
			productName = ColorPickerUITests;
			productReference = 0E4502B529B7DAF1005F15DE /* ColorPickerUITests.xctest */;
			productType = "com.apple.product-type.bundle.ui-testing";
		};
/* End PBXNativeTarget section */

/* Begin PBXProject section */
		0E45028D29B7DAF0005F15DE /* Project object */ = {
			isa = PBXProject;
			attributes = {
				BuildIndependentTargetsInParallel = 1;
				LastSwiftUpdateCheck = 1420;
				LastUpgradeCheck = 1420;
				TargetAttributes = {
					0E45029429B7DAF0005F15DE = {
						CreatedOnToolsVersion = 14.2;
					};
					0E4502AA29B7DAF1005F15DE = {
						CreatedOnToolsVersion = 14.2;
						TestTargetID = 0E45029429B7DAF0005F15DE;
					};
					0E4502B429B7DAF1005F15DE = {
						CreatedOnToolsVersion = 14.2;
						TestTargetID = 0E45029429B7DAF0005F15DE;
					};
				};
			};
			buildConfigurationList = 0E45029029B7DAF0005F15DE /* Build configuration list for PBXProject "ColorPicker" */;
			compatibilityVersion = "Xcode 14.0";
			developmentRegion = en;
			hasScannedForEncodings = 0;
			knownRegions = (
				en,
				Base,
			);
			mainGroup = 0E45028C29B7DAF0005F15DE;
			productRefGroup = 0E45029629B7DAF0005F15DE /* Products */;
			projectDirPath = "";
			projectRoot = "";
			targets = (
				0E45029429B7DAF0005F15DE /* ColorPicker */,
				0E4502AA29B7DAF1005F15DE /* ColorPickerTests */,
				0E4502B429B7DAF1005F15DE /* ColorPickerUITests */,
			);
		};
/* End PBXProject section */

/* Begin PBXResourcesBuildPhase section */
		0E45029329B7DAF0005F15DE /* Resources */ = {
			isa = PBXResourcesBuildPhase;
			buildActionMask = 2147483647;
			files = (
				0E4502A029B7DAF1005F15DE /* Preview Assets.xcassets in Resources */,
				0E45029D29B7DAF1005F15DE /* Assets.xcassets in Resources */,
			);
			runOnlyForDeploymentPostprocessing = 0;
		};
		0E4502A929B7DAF1005F15DE /* Resources */ = {
			isa = PBXResourcesBuildPhase;
			buildActionMask = 2147483647;
			files = (
			);
			runOnlyForDeploymentPostprocessing = 0;
		};
		0E4502B329B7DAF1005F15DE /* Resources */ = {
			isa = PBXResourcesBuildPhase;
			buildActionMask = 2147483647;
			files = (
			);
			runOnlyForDeploymentPostprocessing = 0;
		};
/* End PBXResourcesBuildPhase section */

/* Begin PBXSourcesBuildPhase section */
		0E45029129B7DAF0005F15DE /* Sources */ = {
			isa = PBXSourcesBuildPhase;
			buildActionMask = 2147483647;
			files = (
				0E4502A229B7DAF1005F15DE /* Persistence.swift in Sources */,
				0E4502A529B7DAF1005F15DE /* ColorPicker.xcdatamodeld in Sources */,
				0E46EA8D29BE761100F0A293 /* NSColor+Extension.swift in Sources */,
				0E46EA7A29BD8E4C00F0A293 /* MenuBarContentView.swift in Sources */,
				0E45029929B7DAF0005F15DE /* ColorPickerApp.swift in Sources */,
				0E46EA7C29BD8F5100F0A293 /* Constants.swift in Sources */,
				0E46EA8629BE4D6700F0A293 /* CDColor.swift in Sources */,
			);
			runOnlyForDeploymentPostprocessing = 0;
		};
		0E4502A729B7DAF1005F15DE /* Sources */ = {
			isa = PBXSourcesBuildPhase;
			buildActionMask = 2147483647;
			files = (
				0E4502B029B7DAF1005F15DE /* ColorPickerTests.swift in Sources */,
			);
			runOnlyForDeploymentPostprocessing = 0;
		};
		0E4502B129B7DAF1005F15DE /* Sources */ = {
			isa = PBXSourcesBuildPhase;
			buildActionMask = 2147483647;
			files = (
				0E4502BC29B7DAF1005F15DE /* ColorPickerUITestsLaunchTests.swift in Sources */,
				0E4502BA29B7DAF1005F15DE /* ColorPickerUITests.swift in Sources */,
			);
			runOnlyForDeploymentPostprocessing = 0;
		};
/* End PBXSourcesBuildPhase section */

/* Begin PBXTargetDependency section */
		0E4502AD29B7DAF1005F15DE /* PBXTargetDependency */ = {
			isa = PBXTargetDependency;
			target = 0E45029429B7DAF0005F15DE /* ColorPicker */;
			targetProxy = 0E4502AC29B7DAF1005F15DE /* PBXContainerItemProxy */;
		};
		0E4502B729B7DAF1005F15DE /* PBXTargetDependency */ = {
			isa = PBXTargetDependency;
			target = 0E45029429B7DAF0005F15DE /* ColorPicker */;
			targetProxy = 0E4502B629B7DAF1005F15DE /* PBXContainerItemProxy */;
		};
/* End PBXTargetDependency section */

/* Begin XCBuildConfiguration section */
		0E4502BD29B7DAF1005F15DE /* Debug */ = {
			isa = XCBuildConfiguration;
			buildSettings = {
				ALWAYS_SEARCH_USER_PATHS = NO;
				CLANG_ANALYZER_NONNULL = YES;
				CLANG_ANALYZER_NUMBER_OBJECT_CONVERSION = YES_AGGRESSIVE;
				CLANG_CXX_LANGUAGE_STANDARD = "gnu++20";
				CLANG_ENABLE_MODULES = YES;
				CLANG_ENABLE_OBJC_ARC = YES;
				CLANG_ENABLE_OBJC_WEAK = YES;
				CLANG_WARN_BLOCK_CAPTURE_AUTORELEASING = YES;
				CLANG_WARN_BOOL_CONVERSION = YES;
				CLANG_WARN_COMMA = YES;
				CLANG_WARN_CONSTANT_CONVERSION = YES;
				CLANG_WARN_DEPRECATED_OBJC_IMPLEMENTATIONS = YES;
				CLANG_WARN_DIRECT_OBJC_ISA_USAGE = YES_ERROR;
				CLANG_WARN_DOCUMENTATION_COMMENTS = YES;
				CLANG_WARN_EMPTY_BODY = YES;
				CLANG_WARN_ENUM_CONVERSION = YES;
				CLANG_WARN_INFINITE_RECURSION = YES;
				CLANG_WARN_INT_CONVERSION = YES;
				CLANG_WARN_NON_LITERAL_NULL_CONVERSION = YES;
				CLANG_WARN_OBJC_IMPLICIT_RETAIN_SELF = YES;
				CLANG_WARN_OBJC_LITERAL_CONVERSION = YES;
				CLANG_WARN_OBJC_ROOT_CLASS = YES_ERROR;
				CLANG_WARN_QUOTED_INCLUDE_IN_FRAMEWORK_HEADER = YES;
				CLANG_WARN_RANGE_LOOP_ANALYSIS = YES;
				CLANG_WARN_STRICT_PROTOTYPES = YES;
				CLANG_WARN_SUSPICIOUS_MOVE = YES;
				CLANG_WARN_UNGUARDED_AVAILABILITY = YES_AGGRESSIVE;
				CLANG_WARN_UNREACHABLE_CODE = YES;
				CLANG_WARN__DUPLICATE_METHOD_MATCH = YES;
				COPY_PHASE_STRIP = NO;
				DEBUG_INFORMATION_FORMAT = dwarf;
				ENABLE_STRICT_OBJC_MSGSEND = YES;
				ENABLE_TESTABILITY = YES;
				GCC_C_LANGUAGE_STANDARD = gnu11;
				GCC_DYNAMIC_NO_PIC = NO;
				GCC_NO_COMMON_BLOCKS = YES;
				GCC_OPTIMIZATION_LEVEL = 0;
				GCC_PREPROCESSOR_DEFINITIONS = (
					"DEBUG=1",
					"$(inherited)",
				);
				GCC_WARN_64_TO_32_BIT_CONVERSION = YES;
				GCC_WARN_ABOUT_RETURN_TYPE = YES_ERROR;
				GCC_WARN_UNDECLARED_SELECTOR = YES;
				GCC_WARN_UNINITIALIZED_AUTOS = YES_AGGRESSIVE;
				GCC_WARN_UNUSED_FUNCTION = YES;
				GCC_WARN_UNUSED_VARIABLE = YES;
				MACOSX_DEPLOYMENT_TARGET = 13.1;
				MTL_ENABLE_DEBUG_INFO = INCLUDE_SOURCE;
				MTL_FAST_MATH = YES;
				ONLY_ACTIVE_ARCH = YES;
				SDKROOT = macosx;
				SWIFT_ACTIVE_COMPILATION_CONDITIONS = DEBUG;
				SWIFT_OPTIMIZATION_LEVEL = "-Onone";
			};
			name = Debug;
		};
		0E4502BE29B7DAF1005F15DE /* Release */ = {
			isa = XCBuildConfiguration;
			buildSettings = {
				ALWAYS_SEARCH_USER_PATHS = NO;
				CLANG_ANALYZER_NONNULL = YES;
				CLANG_ANALYZER_NUMBER_OBJECT_CONVERSION = YES_AGGRESSIVE;
				CLANG_CXX_LANGUAGE_STANDARD = "gnu++20";
				CLANG_ENABLE_MODULES = YES;
				CLANG_ENABLE_OBJC_ARC = YES;
				CLANG_ENABLE_OBJC_WEAK = YES;
				CLANG_WARN_BLOCK_CAPTURE_AUTORELEASING = YES;
				CLANG_WARN_BOOL_CONVERSION = YES;
				CLANG_WARN_COMMA = YES;
				CLANG_WARN_CONSTANT_CONVERSION = YES;
				CLANG_WARN_DEPRECATED_OBJC_IMPLEMENTATIONS = YES;
				CLANG_WARN_DIRECT_OBJC_ISA_USAGE = YES_ERROR;
				CLANG_WARN_DOCUMENTATION_COMMENTS = YES;
				CLANG_WARN_EMPTY_BODY = YES;
				CLANG_WARN_ENUM_CONVERSION = YES;
				CLANG_WARN_INFINITE_RECURSION = YES;
				CLANG_WARN_INT_CONVERSION = YES;
				CLANG_WARN_NON_LITERAL_NULL_CONVERSION = YES;
				CLANG_WARN_OBJC_IMPLICIT_RETAIN_SELF = YES;
				CLANG_WARN_OBJC_LITERAL_CONVERSION = YES;
				CLANG_WARN_OBJC_ROOT_CLASS = YES_ERROR;
				CLANG_WARN_QUOTED_INCLUDE_IN_FRAMEWORK_HEADER = YES;
				CLANG_WARN_RANGE_LOOP_ANALYSIS = YES;
				CLANG_WARN_STRICT_PROTOTYPES = YES;
				CLANG_WARN_SUSPICIOUS_MOVE = YES;
				CLANG_WARN_UNGUARDED_AVAILABILITY = YES_AGGRESSIVE;
				CLANG_WARN_UNREACHABLE_CODE = YES;
				CLANG_WARN__DUPLICATE_METHOD_MATCH = YES;
				COPY_PHASE_STRIP = NO;
				DEBUG_INFORMATION_FORMAT = "dwarf-with-dsym";
				ENABLE_NS_ASSERTIONS = NO;
				ENABLE_STRICT_OBJC_MSGSEND = YES;
				GCC_C_LANGUAGE_STANDARD = gnu11;
				GCC_NO_COMMON_BLOCKS = YES;
				GCC_WARN_64_TO_32_BIT_CONVERSION = YES;
				GCC_WARN_ABOUT_RETURN_TYPE = YES_ERROR;
				GCC_WARN_UNDECLARED_SELECTOR = YES;
				GCC_WARN_UNINITIALIZED_AUTOS = YES_AGGRESSIVE;
				GCC_WARN_UNUSED_FUNCTION = YES;
				GCC_WARN_UNUSED_VARIABLE = YES;
				MACOSX_DEPLOYMENT_TARGET = 13.1;
				MTL_ENABLE_DEBUG_INFO = NO;
				MTL_FAST_MATH = YES;
				SDKROOT = macosx;
				SWIFT_COMPILATION_MODE = wholemodule;
				SWIFT_OPTIMIZATION_LEVEL = "-O";
			};
			name = Release;
		};
		0E4502C029B7DAF1005F15DE /* Debug */ = {
			isa = XCBuildConfiguration;
			buildSettings = {
				ASSETCATALOG_COMPILER_APPICON_NAME = AppIcon;
				ASSETCATALOG_COMPILER_GLOBAL_ACCENT_COLOR_NAME = AccentColor;
				CODE_SIGN_ENTITLEMENTS = ColorPicker/Resources/ColorPicker.entitlements;
				"CODE_SIGN_IDENTITY[sdk=macosx*]" = "Apple Development";
				CODE_SIGN_STYLE = Automatic;
				COMBINE_HIDPI_IMAGES = YES;
				CURRENT_PROJECT_VERSION = 1;
				DEVELOPMENT_ASSET_PATHS = "\"ColorPicker/Preview Content\"";
				DEVELOPMENT_TEAM = HFR8F4BT7E;
				ENABLE_HARDENED_RUNTIME = YES;
				ENABLE_PREVIEWS = YES;
				GENERATE_INFOPLIST_FILE = YES;
				INFOPLIST_KEY_LSUIElement = YES;
				INFOPLIST_KEY_NSHumanReadableCopyright = "";
				LD_RUNPATH_SEARCH_PATHS = (
					"$(inherited)",
					"@executable_path/../Frameworks",
				);
				MARKETING_VERSION = 1.0;
				PRODUCT_BUNDLE_IDENTIFIER = com.mazjap.ColorPicker;
				PRODUCT_NAME = "$(TARGET_NAME)";
				SWIFT_EMIT_LOC_STRINGS = YES;
				SWIFT_VERSION = 5.0;
			};
			name = Debug;
		};
		0E4502C129B7DAF1005F15DE /* Release */ = {
			isa = XCBuildConfiguration;
			buildSettings = {
				ASSETCATALOG_COMPILER_APPICON_NAME = AppIcon;
				ASSETCATALOG_COMPILER_GLOBAL_ACCENT_COLOR_NAME = AccentColor;
				CODE_SIGN_ENTITLEMENTS = ColorPicker/Resources/ColorPicker.entitlements;
				"CODE_SIGN_IDENTITY[sdk=macosx*]" = "Apple Development";
				CODE_SIGN_STYLE = Automatic;
				COMBINE_HIDPI_IMAGES = YES;
				CURRENT_PROJECT_VERSION = 1;
				DEVELOPMENT_ASSET_PATHS = "\"ColorPicker/Preview Content\"";
				DEVELOPMENT_TEAM = HFR8F4BT7E;
				ENABLE_HARDENED_RUNTIME = YES;
				ENABLE_PREVIEWS = YES;
				GENERATE_INFOPLIST_FILE = YES;
				INFOPLIST_KEY_LSUIElement = YES;
				INFOPLIST_KEY_NSHumanReadableCopyright = "";
				LD_RUNPATH_SEARCH_PATHS = (
					"$(inherited)",
					"@executable_path/../Frameworks",
				);
				MARKETING_VERSION = 1.0;
				PRODUCT_BUNDLE_IDENTIFIER = com.mazjap.ColorPicker;
				PRODUCT_NAME = "$(TARGET_NAME)";
				SWIFT_EMIT_LOC_STRINGS = YES;
				SWIFT_VERSION = 5.0;
			};
			name = Release;
		};
		0E4502C329B7DAF1005F15DE /* Debug */ = {
			isa = XCBuildConfiguration;
			buildSettings = {
				ALWAYS_EMBED_SWIFT_STANDARD_LIBRARIES = YES;
				BUNDLE_LOADER = "$(TEST_HOST)";
				CODE_SIGN_STYLE = Automatic;
				CURRENT_PROJECT_VERSION = 1;
				DEVELOPMENT_TEAM = HFR8F4BT7E;
				GENERATE_INFOPLIST_FILE = YES;
				MACOSX_DEPLOYMENT_TARGET = 13.1;
				MARKETING_VERSION = 1.0;
				PRODUCT_BUNDLE_IDENTIFIER = com.mazjap.ColorPickerTests;
				PRODUCT_NAME = "$(TARGET_NAME)";
				SWIFT_EMIT_LOC_STRINGS = NO;
				SWIFT_VERSION = 5.0;
				TEST_HOST = "$(BUILT_PRODUCTS_DIR)/ColorPicker.app/$(BUNDLE_EXECUTABLE_FOLDER_PATH)/ColorPicker";
			};
			name = Debug;
		};
		0E4502C429B7DAF1005F15DE /* Release */ = {
			isa = XCBuildConfiguration;
			buildSettings = {
				ALWAYS_EMBED_SWIFT_STANDARD_LIBRARIES = YES;
				BUNDLE_LOADER = "$(TEST_HOST)";
				CODE_SIGN_STYLE = Automatic;
				CURRENT_PROJECT_VERSION = 1;
				DEVELOPMENT_TEAM = HFR8F4BT7E;
				GENERATE_INFOPLIST_FILE = YES;
				MACOSX_DEPLOYMENT_TARGET = 13.1;
				MARKETING_VERSION = 1.0;
				PRODUCT_BUNDLE_IDENTIFIER = com.mazjap.ColorPickerTests;
				PRODUCT_NAME = "$(TARGET_NAME)";
				SWIFT_EMIT_LOC_STRINGS = NO;
				SWIFT_VERSION = 5.0;
				TEST_HOST = "$(BUILT_PRODUCTS_DIR)/ColorPicker.app/$(BUNDLE_EXECUTABLE_FOLDER_PATH)/ColorPicker";
			};
			name = Release;
		};
		0E4502C629B7DAF1005F15DE /* Debug */ = {
			isa = XCBuildConfiguration;
			buildSettings = {
				ALWAYS_EMBED_SWIFT_STANDARD_LIBRARIES = YES;
				CODE_SIGN_STYLE = Automatic;
				CURRENT_PROJECT_VERSION = 1;
				DEVELOPMENT_TEAM = HFR8F4BT7E;
				GENERATE_INFOPLIST_FILE = YES;
				MARKETING_VERSION = 1.0;
				PRODUCT_BUNDLE_IDENTIFIER = com.mazjap.ColorPickerUITests;
				PRODUCT_NAME = "$(TARGET_NAME)";
				SWIFT_EMIT_LOC_STRINGS = NO;
				SWIFT_VERSION = 5.0;
				TEST_TARGET_NAME = ColorPicker;
			};
			name = Debug;
		};
		0E4502C729B7DAF1005F15DE /* Release */ = {
			isa = XCBuildConfiguration;
			buildSettings = {
				ALWAYS_EMBED_SWIFT_STANDARD_LIBRARIES = YES;
				CODE_SIGN_STYLE = Automatic;
				CURRENT_PROJECT_VERSION = 1;
				DEVELOPMENT_TEAM = HFR8F4BT7E;
				GENERATE_INFOPLIST_FILE = YES;
				MARKETING_VERSION = 1.0;
				PRODUCT_BUNDLE_IDENTIFIER = com.mazjap.ColorPickerUITests;
				PRODUCT_NAME = "$(TARGET_NAME)";
				SWIFT_EMIT_LOC_STRINGS = NO;
				SWIFT_VERSION = 5.0;
				TEST_TARGET_NAME = ColorPicker;
			};
			name = Release;
		};
/* End XCBuildConfiguration section */

/* Begin XCConfigurationList section */
		0E45029029B7DAF0005F15DE /* Build configuration list for PBXProject "ColorPicker" */ = {
			isa = XCConfigurationList;
			buildConfigurations = (
				0E4502BD29B7DAF1005F15DE /* Debug */,
				0E4502BE29B7DAF1005F15DE /* Release */,
			);
			defaultConfigurationIsVisible = 0;
			defaultConfigurationName = Release;
		};
		0E4502BF29B7DAF1005F15DE /* Build configuration list for PBXNativeTarget "ColorPicker" */ = {
			isa = XCConfigurationList;
			buildConfigurations = (
				0E4502C029B7DAF1005F15DE /* Debug */,
				0E4502C129B7DAF1005F15DE /* Release */,
			);
			defaultConfigurationIsVisible = 0;
			defaultConfigurationName = Release;
		};
		0E4502C229B7DAF1005F15DE /* Build configuration list for PBXNativeTarget "ColorPickerTests" */ = {
			isa = XCConfigurationList;
			buildConfigurations = (
				0E4502C329B7DAF1005F15DE /* Debug */,
				0E4502C429B7DAF1005F15DE /* Release */,
			);
			defaultConfigurationIsVisible = 0;
			defaultConfigurationName = Release;
		};
		0E4502C529B7DAF1005F15DE /* Build configuration list for PBXNativeTarget "ColorPickerUITests" */ = {
			isa = XCConfigurationList;
			buildConfigurations = (
				0E4502C629B7DAF1005F15DE /* Debug */,
				0E4502C729B7DAF1005F15DE /* Release */,
			);
			defaultConfigurationIsVisible = 0;
			defaultConfigurationName = Release;
		};
/* End XCConfigurationList section */

/* Begin XCVersionGroup section */
		0E4502A329B7DAF1005F15DE /* ColorPicker.xcdatamodeld */ = {
			isa = XCVersionGroup;
			children = (
				0E4502A429B7DAF1005F15DE /* ColorPicker.xcdatamodel */,
			);
			currentVersion = 0E4502A429B7DAF1005F15DE /* ColorPicker.xcdatamodel */;
			path = ColorPicker.xcdatamodeld;
			sourceTree = "<group>";
			versionGroupType = wrapper.xcdatamodel;
		};
/* End XCVersionGroup section */
	};
	rootObject = 0E45028D29B7DAF0005F15DE /* Project object */;
}
